// !$*UTF8*$!
{
	archiveVersion = 1;
	classes = {
	};
	objectVersion = 46;
	objects = {

/* Begin PBXBuildFile section */
		1D3BBE5922E5B6E8001FD7A8 /* Auryc.h in Headers */ = {isa = PBXBuildFile; fileRef = 1D3BBE5822E5B6E8001FD7A8 /* Auryc.h */; };
		1D3BBE7F22E5BA25001FD7A8 /* AurycSDK.framework in Frameworks */ = {isa = PBXBuildFile; fileRef = 1DF5468E22E4C2DE00F2DFBD /* AurycSDK.framework */; };
		1D3BBE8022E5BA2C001FD7A8 /* AurycSDK.framework in Sources */ = {isa = PBXBuildFile; fileRef = 1DF5468E22E4C2DE00F2DFBD /* AurycSDK.framework */; };
		1DF5468F22E4C2DE00F2DFBD /* AurycSDK.framework in Frameworks */ = {isa = PBXBuildFile; fileRef = 1DF5468E22E4C2DE00F2DFBD /* AurycSDK.framework */; };
		1DF5479B22E4CAA300F2DFBD /* RNAuryc.h in Headers */ = {isa = PBXBuildFile; fileRef = B3E7B5881CC2AC0600A0062D /* RNAuryc.h */; settings = {ATTRIBUTES = (Public, ); }; };
		B3E7B58A1CC2AC0600A0062D /* RNAuryc.m in Sources */ = {isa = PBXBuildFile; fileRef = B3E7B5891CC2AC0600A0062D /* RNAuryc.m */; };
/* End PBXBuildFile section */

/* Begin PBXContainerItemProxy section */
		1D3BBE7D22E5B9AE001FD7A8 /* PBXContainerItemProxy */ = {
			isa = PBXContainerItemProxy;
			containerPortal = 58B511D31A9E6C8500147676 /* Project object */;
			proxyType = 1;
			remoteGlobalIDString = 1D3BBE7522E5B91F001FD7A8;
			remoteInfo = AurycSDK;
		};
/* End PBXContainerItemProxy section */

/* Begin PBXCopyFilesBuildPhase section */
		58B511D91A9E6C8500147676 /* CopyFiles */ = {
			isa = PBXCopyFilesBuildPhase;
			buildActionMask = 2147483647;
			dstPath = "include/$(PRODUCT_NAME)";
			dstSubfolderSpec = 10;
			files = (
			);
			runOnlyForDeploymentPostprocessing = 0;
		};
/* End PBXCopyFilesBuildPhase section */

/* Begin PBXFileReference section */
		0F0BB1388586B9B3BACF3C2A /* Pods-RNAuryc.debug.xcconfig */ = {isa = PBXFileReference; includeInIndex = 1; lastKnownFileType = text.xcconfig; name = "Pods-RNAuryc.debug.xcconfig"; path = "Target Support Files/Pods-RNAuryc/Pods-RNAuryc.debug.xcconfig"; sourceTree = "<group>"; };
		134814201AA4EA6300B7C361 /* libRNAuryc.a */ = {isa = PBXFileReference; explicitFileType = archive.ar; includeInIndex = 0; path = libRNAuryc.a; sourceTree = BUILT_PRODUCTS_DIR; };
		1D3B8E0C22D492D10057ADE9 /* React.framework */ = {isa = PBXFileReference; explicitFileType = wrapper.framework; path = React.framework; sourceTree = BUILT_PRODUCTS_DIR; };
		1D3BBE5822E5B6E8001FD7A8 /* Auryc.h */ = {isa = PBXFileReference; fileEncoding = 4; lastKnownFileType = sourcecode.c.h; path = Auryc.h; sourceTree = "<group>"; };
		1D3BBE7622E5B91F001FD7A8 /* AurycSDK.bundle */ = {isa = PBXFileReference; explicitFileType = wrapper.cfbundle; includeInIndex = 0; path = AurycSDK.bundle; sourceTree = BUILT_PRODUCTS_DIR; };
		1D3BBE7822E5B91F001FD7A8 /* Info.plist */ = {isa = PBXFileReference; lastKnownFileType = text.plist.xml; path = Info.plist; sourceTree = "<group>"; };
		1DF5468E22E4C2DE00F2DFBD /* AurycSDK.framework */ = {isa = PBXFileReference; lastKnownFileType = wrapper.framework; path = AurycSDK.framework; sourceTree = "<group>"; };
		4E31CD4CA701B09EAFBF6C53 /* Pods_RNAuryc.framework */ = {isa = PBXFileReference; explicitFileType = wrapper.framework; includeInIndex = 0; path = Pods_RNAuryc.framework; sourceTree = BUILT_PRODUCTS_DIR; };
		9B90FDCA974CB610CDF0F9EB /* Pods-RNAuryc.release.xcconfig */ = {isa = PBXFileReference; includeInIndex = 1; lastKnownFileType = text.xcconfig; name = "Pods-RNAuryc.release.xcconfig"; path = "Target Support Files/Pods-RNAuryc/Pods-RNAuryc.release.xcconfig"; sourceTree = "<group>"; };
		B3E7B5881CC2AC0600A0062D /* RNAuryc.h */ = {isa = PBXFileReference; fileEncoding = 4; lastKnownFileType = sourcecode.c.h; path = RNAuryc.h; sourceTree = "<group>"; };
		B3E7B5891CC2AC0600A0062D /* RNAuryc.m */ = {isa = PBXFileReference; fileEncoding = 4; lastKnownFileType = sourcecode.c.objc; path = RNAuryc.m; sourceTree = "<group>"; };
/* End PBXFileReference section */

/* Begin PBXFrameworksBuildPhase section */
		1D3BBE7322E5B91F001FD7A8 /* Frameworks */ = {
			isa = PBXFrameworksBuildPhase;
			buildActionMask = 2147483647;
			files = (
				1D3BBE7F22E5BA25001FD7A8 /* AurycSDK.framework in Frameworks */,
			);
			runOnlyForDeploymentPostprocessing = 0;
		};
		58B511D81A9E6C8500147676 /* Frameworks */ = {
			isa = PBXFrameworksBuildPhase;
			buildActionMask = 2147483647;
			files = (
				1DF5468F22E4C2DE00F2DFBD /* AurycSDK.framework in Frameworks */,
			);
			runOnlyForDeploymentPostprocessing = 0;
		};
/* End PBXFrameworksBuildPhase section */

/* Begin PBXGroup section */
		134814211AA4EA7D00B7C361 /* Products */ = {
			isa = PBXGroup;
			children = (
				134814201AA4EA6300B7C361 /* libRNAuryc.a */,
			);
			name = Products;
			sourceTree = "<group>";
		};
		1D3BBE7722E5B91F001FD7A8 /* AurycSDK */ = {
			isa = PBXGroup;
			children = (
				1D3BBE7822E5B91F001FD7A8 /* Info.plist */,
				1DF5468E22E4C2DE00F2DFBD /* AurycSDK.framework */,
			);
			path = AurycSDK;
			sourceTree = "<group>";
		};
		27104A7050E30528DD391814 /* Frameworks */ = {
			isa = PBXGroup;
			children = (
				1D3B8E0C22D492D10057ADE9 /* React.framework */,
				4E31CD4CA701B09EAFBF6C53 /* Pods_RNAuryc.framework */,
			);
			name = Frameworks;
			sourceTree = "<group>";
		};
		4A27A7A96835DB10E34F647A /* Pods */ = {
			isa = PBXGroup;
			children = (
				0F0BB1388586B9B3BACF3C2A /* Pods-RNAuryc.debug.xcconfig */,
				9B90FDCA974CB610CDF0F9EB /* Pods-RNAuryc.release.xcconfig */,
			);
			path = Pods;
			sourceTree = "<group>";
		};
		58B511D21A9E6C8500147676 = {
			isa = PBXGroup;
			children = (
				B3E7B5881CC2AC0600A0062D /* RNAuryc.h */,
				B3E7B5891CC2AC0600A0062D /* RNAuryc.m */,
				1D3BBE5822E5B6E8001FD7A8 /* Auryc.h */,
				1D3BBE7722E5B91F001FD7A8 /* AurycSDK */,
				134814211AA4EA7D00B7C361 /* Products */,
				4A27A7A96835DB10E34F647A /* Pods */,
				27104A7050E30528DD391814 /* Frameworks */,
				1D3BBE7622E5B91F001FD7A8 /* AurycSDK.bundle */,
			);
			sourceTree = "<group>";
		};
/* End PBXGroup section */

/* Begin PBXHeadersBuildPhase section */
		1DF5479A22E4CA9D00F2DFBD /* Headers */ = {
			isa = PBXHeadersBuildPhase;
			buildActionMask = 2147483647;
			files = (
				1DF5479B22E4CAA300F2DFBD /* RNAuryc.h in Headers */,
				1D3BBE5922E5B6E8001FD7A8 /* Auryc.h in Headers */,
			);
			runOnlyForDeploymentPostprocessing = 0;
		};
/* End PBXHeadersBuildPhase section */

/* Begin PBXNativeTarget section */
		1D3BBE7522E5B91F001FD7A8 /* AurycSDK */ = {
			isa = PBXNativeTarget;
			buildConfigurationList = 1D3BBE7922E5B91F001FD7A8 /* Build configuration list for PBXNativeTarget "AurycSDK" */;
			buildPhases = (
				1D3BBE7222E5B91F001FD7A8 /* Sources */,
				1D3BBE7322E5B91F001FD7A8 /* Frameworks */,
				1D3BBE7422E5B91F001FD7A8 /* Resources */,
			);
			buildRules = (
			);
			dependencies = (
			);
			name = AurycSDK;
			productName = AurycSDK;
			productReference = 1D3BBE7622E5B91F001FD7A8 /* AurycSDK.bundle */;
			productType = "com.apple.product-type.bundle";
		};
		58B511DA1A9E6C8500147676 /* RNAuryc */ = {
			isa = PBXNativeTarget;
			buildConfigurationList = 58B511EF1A9E6C8500147676 /* Build configuration list for PBXNativeTarget "RNAuryc" */;
			buildPhases = (
				1DF5479A22E4CA9D00F2DFBD /* Headers */,
				58B511D71A9E6C8500147676 /* Sources */,
				58B511D81A9E6C8500147676 /* Frameworks */,
				58B511D91A9E6C8500147676 /* CopyFiles */,
			);
			buildRules = (
			);
			dependencies = (
				1D3BBE7E22E5B9AE001FD7A8 /* PBXTargetDependency */,
			);
			name = RNAuryc;
			productName = RCTDataManager;
			productReference = 134814201AA4EA6300B7C361 /* libRNAuryc.a */;
			productType = "com.apple.product-type.library.static";
		};
/* End PBXNativeTarget section */

/* Begin PBXProject section */
		58B511D31A9E6C8500147676 /* Project object */ = {
			isa = PBXProject;
			attributes = {
				LastUpgradeCheck = 0830;
				ORGANIZATIONNAME = Facebook;
				TargetAttributes = {
					1D3BBE7522E5B91F001FD7A8 = {
						CreatedOnToolsVersion = 10.2.1;
						DevelopmentTeam = P32QP58Q85;
						ProvisioningStyle = Automatic;
					};
					58B511DA1A9E6C8500147676 = {
						CreatedOnToolsVersion = 6.1.1;
					};
				};
			};
			buildConfigurationList = 58B511D61A9E6C8500147676 /* Build configuration list for PBXProject "RNAuryc" */;
			compatibilityVersion = "Xcode 3.2";
			developmentRegion = English;
			hasScannedForEncodings = 0;
			knownRegions = (
				English,
				en,
			);
			mainGroup = 58B511D21A9E6C8500147676;
			productRefGroup = 58B511D21A9E6C8500147676;
			projectDirPath = "";
			projectRoot = "";
			targets = (
				58B511DA1A9E6C8500147676 /* RNAuryc */,
				1D3BBE7522E5B91F001FD7A8 /* AurycSDK */,
			);
		};
/* End PBXProject section */

/* Begin PBXResourcesBuildPhase section */
		1D3BBE7422E5B91F001FD7A8 /* Resources */ = {
			isa = PBXResourcesBuildPhase;
			buildActionMask = 2147483647;
			files = (
			);
			runOnlyForDeploymentPostprocessing = 0;
		};
/* End PBXResourcesBuildPhase section */

/* Begin PBXSourcesBuildPhase section */
		1D3BBE7222E5B91F001FD7A8 /* Sources */ = {
			isa = PBXSourcesBuildPhase;
			buildActionMask = 2147483647;
			files = (
				1D3BBE8022E5BA2C001FD7A8 /* AurycSDK.framework in Sources */,
			);
			runOnlyForDeploymentPostprocessing = 0;
		};
		58B511D71A9E6C8500147676 /* Sources */ = {
			isa = PBXSourcesBuildPhase;
			buildActionMask = 2147483647;
			files = (
				B3E7B58A1CC2AC0600A0062D /* RNAuryc.m in Sources */,
			);
			runOnlyForDeploymentPostprocessing = 0;
		};
/* End PBXSourcesBuildPhase section */

/* Begin PBXTargetDependency section */
		1D3BBE7E22E5B9AE001FD7A8 /* PBXTargetDependency */ = {
			isa = PBXTargetDependency;
			target = 1D3BBE7522E5B91F001FD7A8 /* AurycSDK */;
			targetProxy = 1D3BBE7D22E5B9AE001FD7A8 /* PBXContainerItemProxy */;
		};
/* End PBXTargetDependency section */

/* Begin XCBuildConfiguration section */
		1D3BBE7A22E5B91F001FD7A8 /* Debug */ = {
			isa = XCBuildConfiguration;
			buildSettings = {
				CLANG_ANALYZER_NONNULL = YES;
				CLANG_ANALYZER_NUMBER_OBJECT_CONVERSION = YES_AGGRESSIVE;
				CLANG_CXX_LANGUAGE_STANDARD = "gnu++14";
				CLANG_ENABLE_OBJC_WEAK = YES;
				CLANG_WARN_BLOCK_CAPTURE_AUTORELEASING = YES;
				CLANG_WARN_COMMA = YES;
				CLANG_WARN_DEPRECATED_OBJC_IMPLEMENTATIONS = YES;
				CLANG_WARN_DOCUMENTATION_COMMENTS = YES;
				CLANG_WARN_NON_LITERAL_NULL_CONVERSION = YES;
				CLANG_WARN_OBJC_IMPLICIT_RETAIN_SELF = YES;
				CLANG_WARN_OBJC_LITERAL_CONVERSION = YES;
				CLANG_WARN_RANGE_LOOP_ANALYSIS = YES;
				CLANG_WARN_STRICT_PROTOTYPES = YES;
				CLANG_WARN_UNGUARDED_AVAILABILITY = YES_AGGRESSIVE;
				CODE_SIGN_IDENTITY = "Mac Developer";
				CODE_SIGN_STYLE = Automatic;
				COMBINE_HIDPI_IMAGES = YES;
				DEBUG_INFORMATION_FORMAT = dwarf;
				DEVELOPMENT_TEAM = P32QP58Q85;
				FRAMEWORK_SEARCH_PATHS = (
					"$(inherited)",
					"$(PROJECT_DIR)",
					"$(PROJECT_DIR)/AurycSDK",
				);
				GCC_C_LANGUAGE_STANDARD = gnu11;
				INFOPLIST_FILE = AurycSDK/Info.plist;
				INSTALL_PATH = "$(LOCAL_LIBRARY_DIR)/Bundles";
				MACOSX_DEPLOYMENT_TARGET = 10.14;
				MTL_ENABLE_DEBUG_INFO = INCLUDE_SOURCE;
				MTL_FAST_MATH = YES;
				PRODUCT_BUNDLE_IDENTIFIER = com.auryc.ios.AurycSDK;
				PRODUCT_NAME = "$(TARGET_NAME)";
				SDKROOT = iphoneos;
				SKIP_INSTALL = YES;
				WRAPPER_EXTENSION = bundle;
			};
			name = Debug;
		};
		1D3BBE7B22E5B91F001FD7A8 /* Release */ = {
			isa = XCBuildConfiguration;
			buildSettings = {
				CLANG_ANALYZER_NONNULL = YES;
				CLANG_ANALYZER_NUMBER_OBJECT_CONVERSION = YES_AGGRESSIVE;
				CLANG_CXX_LANGUAGE_STANDARD = "gnu++14";
				CLANG_ENABLE_OBJC_WEAK = YES;
				CLANG_WARN_BLOCK_CAPTURE_AUTORELEASING = YES;
				CLANG_WARN_COMMA = YES;
				CLANG_WARN_DEPRECATED_OBJC_IMPLEMENTATIONS = YES;
				CLANG_WARN_DOCUMENTATION_COMMENTS = YES;
				CLANG_WARN_NON_LITERAL_NULL_CONVERSION = YES;
				CLANG_WARN_OBJC_IMPLICIT_RETAIN_SELF = YES;
				CLANG_WARN_OBJC_LITERAL_CONVERSION = YES;
				CLANG_WARN_RANGE_LOOP_ANALYSIS = YES;
				CLANG_WARN_STRICT_PROTOTYPES = YES;
				CLANG_WARN_UNGUARDED_AVAILABILITY = YES_AGGRESSIVE;
				CODE_SIGN_IDENTITY = "Mac Developer";
				CODE_SIGN_STYLE = Automatic;
				COMBINE_HIDPI_IMAGES = YES;
				COPY_PHASE_STRIP = NO;
				DEBUG_INFORMATION_FORMAT = "dwarf-with-dsym";
				DEVELOPMENT_TEAM = P32QP58Q85;
				FRAMEWORK_SEARCH_PATHS = (
					"$(inherited)",
					"$(PROJECT_DIR)",
					"$(PROJECT_DIR)/AurycSDK",
				);
				GCC_C_LANGUAGE_STANDARD = gnu11;
				INFOPLIST_FILE = AurycSDK/Info.plist;
				INSTALL_PATH = "$(LOCAL_LIBRARY_DIR)/Bundles";
				MACOSX_DEPLOYMENT_TARGET = 10.14;
				MTL_FAST_MATH = YES;
				PRODUCT_BUNDLE_IDENTIFIER = com.auryc.ios.AurycSDK;
				PRODUCT_NAME = "$(TARGET_NAME)";
				SDKROOT = iphoneos;
				SKIP_INSTALL = YES;
				WRAPPER_EXTENSION = bundle;
			};
			name = Release;
		};
		58B511ED1A9E6C8500147676 /* Debug */ = {
			isa = XCBuildConfiguration;
			buildSettings = {
				ALWAYS_SEARCH_USER_PATHS = NO;
				CLANG_CXX_LANGUAGE_STANDARD = "gnu++0x";
				CLANG_CXX_LIBRARY = "libc++";
				CLANG_ENABLE_MODULES = YES;
				CLANG_ENABLE_OBJC_ARC = YES;
				CLANG_WARN_BOOL_CONVERSION = YES;
				CLANG_WARN_CONSTANT_CONVERSION = YES;
				CLANG_WARN_DIRECT_OBJC_ISA_USAGE = YES_ERROR;
				CLANG_WARN_EMPTY_BODY = YES;
				CLANG_WARN_ENUM_CONVERSION = YES;
				CLANG_WARN_INFINITE_RECURSION = YES;
				CLANG_WARN_INT_CONVERSION = YES;
				CLANG_WARN_OBJC_ROOT_CLASS = YES_ERROR;
				CLANG_WARN_SUSPICIOUS_MOVE = YES;
				CLANG_WARN_UNREACHABLE_CODE = YES;
				CLANG_WARN__DUPLICATE_METHOD_MATCH = YES;
				COPY_PHASE_STRIP = NO;
				ENABLE_STRICT_OBJC_MSGSEND = YES;
				ENABLE_TESTABILITY = YES;
				GCC_C_LANGUAGE_STANDARD = gnu99;
				GCC_DYNAMIC_NO_PIC = NO;
				GCC_NO_COMMON_BLOCKS = YES;
				GCC_OPTIMIZATION_LEVEL = 0;
				GCC_PREPROCESSOR_DEFINITIONS = (
					"DEBUG=1",
					"$(inherited)",
				);
				GCC_SYMBOLS_PRIVATE_EXTERN = NO;
				GCC_WARN_64_TO_32_BIT_CONVERSION = YES;
				GCC_WARN_ABOUT_RETURN_TYPE = YES_ERROR;
				GCC_WARN_UNDECLARED_SELECTOR = YES;
				GCC_WARN_UNINITIALIZED_AUTOS = YES_AGGRESSIVE;
				GCC_WARN_UNUSED_FUNCTION = YES;
				GCC_WARN_UNUSED_VARIABLE = YES;
				IPHONEOS_DEPLOYMENT_TARGET = 9.0;
				MTL_ENABLE_DEBUG_INFO = YES;
				ONLY_ACTIVE_ARCH = YES;
				SDKROOT = iphoneos;
			};
			name = Debug;
		};
		58B511EE1A9E6C8500147676 /* Release */ = {
			isa = XCBuildConfiguration;
			buildSettings = {
				ALWAYS_SEARCH_USER_PATHS = NO;
				CLANG_CXX_LANGUAGE_STANDARD = "gnu++0x";
				CLANG_CXX_LIBRARY = "libc++";
				CLANG_ENABLE_MODULES = YES;
				CLANG_ENABLE_OBJC_ARC = YES;
				CLANG_WARN_BOOL_CONVERSION = YES;
				CLANG_WARN_CONSTANT_CONVERSION = YES;
				CLANG_WARN_DIRECT_OBJC_ISA_USAGE = YES_ERROR;
				CLANG_WARN_EMPTY_BODY = YES;
				CLANG_WARN_ENUM_CONVERSION = YES;
				CLANG_WARN_INFINITE_RECURSION = YES;
				CLANG_WARN_INT_CONVERSION = YES;
				CLANG_WARN_OBJC_ROOT_CLASS = YES_ERROR;
				CLANG_WARN_SUSPICIOUS_MOVE = YES;
				CLANG_WARN_UNREACHABLE_CODE = YES;
				CLANG_WARN__DUPLICATE_METHOD_MATCH = YES;
				COPY_PHASE_STRIP = YES;
				ENABLE_NS_ASSERTIONS = NO;
				ENABLE_STRICT_OBJC_MSGSEND = YES;
				GCC_C_LANGUAGE_STANDARD = gnu99;
				GCC_NO_COMMON_BLOCKS = YES;
				GCC_WARN_64_TO_32_BIT_CONVERSION = YES;
				GCC_WARN_ABOUT_RETURN_TYPE = YES_ERROR;
				GCC_WARN_UNDECLARED_SELECTOR = YES;
				GCC_WARN_UNINITIALIZED_AUTOS = YES_AGGRESSIVE;
				GCC_WARN_UNUSED_FUNCTION = YES;
				GCC_WARN_UNUSED_VARIABLE = YES;
				IPHONEOS_DEPLOYMENT_TARGET = 9.0;
				MTL_ENABLE_DEBUG_INFO = NO;
				SDKROOT = iphoneos;
				VALIDATE_PRODUCT = YES;
			};
			name = Release;
		};
		58B511F01A9E6C8500147676 /* Debug */ = {
			isa = XCBuildConfiguration;
			baseConfigurationReference = 0F0BB1388586B9B3BACF3C2A /* Pods-RNAuryc.debug.xcconfig */;
			buildSettings = {
				FRAMEWORK_SEARCH_PATHS = (
					"$(inherited)",
					"$(PROJECT_DIR)",
				);
				HEADER_SEARCH_PATHS = (
					"$(inherited)",
					/Applications/Xcode.app/Contents/Developer/Toolchains/XcodeDefault.xctoolchain/usr/include,
					"$(SRCROOT)/../../../React/**",
					"$(SRCROOT)/../../react-native/React/**",
					"$(SRCROOT)/../../../ios/Pods/Auryc/Auryc.framework/Headers/**",
					"$(SRCROOT)/../../../ios/Pods/**",
					"$(SRCROOT)/../../../ios/build/Products/Debug-iphoneos/Auryc/Auryc.framework/Headers/**",
					"$(SRCROOT)/../../../ios/build/Products/Debug-iphonesimulator/Auryc/Auryc.framework/Headers",
				);
				LIBRARY_SEARCH_PATHS = "$(inherited)";
				OTHER_LDFLAGS = "-ObjC";
				PRODUCT_NAME = RNAuryc;
				SKIP_INSTALL = YES;
			};
			name = Debug;
		};
		58B511F11A9E6C8500147676 /* Release */ = {
			isa = XCBuildConfiguration;
			baseConfigurationReference = 9B90FDCA974CB610CDF0F9EB /* Pods-RNAuryc.release.xcconfig */;
			buildSettings = {
				FRAMEWORK_SEARCH_PATHS = (
					"$(inherited)",
					"$(PROJECT_DIR)",
				);
				HEADER_SEARCH_PATHS = (
					"$(inherited)",
					/Applications/Xcode.app/Contents/Developer/Toolchains/XcodeDefault.xctoolchain/usr/include,
					"$(SRCROOT)/../../../React/**",
					"$(SRCROOT)/../../react-native/React/**",
					"$(SRCROOT)/../../../ios/Pods/**",
					"$(SRCROOT)/../../../ios/Pods/Auryc/Auryc.framework/Headers/**",
					"$(SRCROOT)/../../../ios/build/Products/Release-iphoneos/Auryc/Auryc.framework/Headers",
					"$(SRCROOT)/../../../ios/build/Products/Release-iphonesimulator/Auryc/Auryc.framework/Headers",
				);
				LIBRARY_SEARCH_PATHS = "$(inherited)";
				OTHER_LDFLAGS = "-ObjC";
				PRODUCT_NAME = RNAuryc;
				SKIP_INSTALL = YES;
			};
			name = Release;
		};
/* End XCBuildConfiguration section */

/* Begin XCConfigurationList section */
		1D3BBE7922E5B91F001FD7A8 /* Build configuration list for PBXNativeTarget "AurycSDK" */ = {
			isa = XCConfigurationList;
			buildConfigurations = (
				1D3BBE7A22E5B91F001FD7A8 /* Debug */,
				1D3BBE7B22E5B91F001FD7A8 /* Release */,
			);
			defaultConfigurationIsVisible = 0;
			defaultConfigurationName = Release;
		};
		58B511D61A9E6C8500147676 /* Build configuration list for PBXProject "RNAuryc" */ = {
			isa = XCConfigurationList;
			buildConfigurations = (
				58B511ED1A9E6C8500147676 /* Debug */,
				58B511EE1A9E6C8500147676 /* Release */,
			);
			defaultConfigurationIsVisible = 0;
			defaultConfigurationName = Release;
		};
		58B511EF1A9E6C8500147676 /* Build configuration list for PBXNativeTarget "RNAuryc" */ = {
			isa = XCConfigurationList;
			buildConfigurations = (
				58B511F01A9E6C8500147676 /* Debug */,
				58B511F11A9E6C8500147676 /* Release */,
			);
			defaultConfigurationIsVisible = 0;
			defaultConfigurationName = Release;
		};
/* End XCConfigurationList section */
	};
	rootObject = 58B511D31A9E6C8500147676 /* Project object */;
}
