PODS:
  - AFNetworking (3.2.1):
    - AFNetworking/NSURLSession (= 3.2.1)
    - AFNetworking/Reachability (= 3.2.1)
    - AFNetworking/Security (= 3.2.1)
    - AFNetworking/Serialization (= 3.2.1)
    - AFNetworking/UIKit (= 3.2.1)
  - AFNetworking/NSURLSession (3.2.1):
    - AFNetworking/Reachability
    - AFNetworking/Security
    - AFNetworking/Serialization
  - AFNetworking/Reachability (3.2.1)
  - AFNetworking/Security (3.2.1)
  - AFNetworking/Serialization (3.2.1)
  - AFNetworking/UIKit (3.2.1):
    - AFNetworking/NSURLSession
  - AurycSDK (0.1.11):
    - AFNetworking
    - CocoaLumberjack
    - DeviceUtil
    - JWT
    - Protobuf (~> 3.7)
  - Base64 (1.1.2)
  - CocoaLumberjack (3.5.3):
    - CocoaLumberjack/Core (= 3.5.3)
  - CocoaLumberjack/Core (3.5.3)
  - DeviceUtil (5.1.0)
  - JWT (2.2.0):
    - Base64 (~> 1.1.2)
  - Protobuf (3.8.0)
  - React (0.11.0):
    - React/Core (= 0.11.0)
  - React/Core (0.11.0)

DEPENDENCIES:
  - AurycSDK
  - React

SPEC REPOS:
  https://github.com/cocoapods/specs.git:
    - AFNetworking
    - AurycSDK
    - Base64
    - CocoaLumberjack
    - DeviceUtil
    - JWT
    - Protobuf
    - React

SPEC CHECKSUMS:
  AFNetworking: b6f891fdfaed196b46c7a83cf209e09697b94057
  AurycSDK: d0e7821fd4b70e6432139f05a68b0b2549f14c76
  Base64: cecfb41a004124895a7bcee567a89bae5a89d49b
  CocoaLumberjack: 2f44e60eb91c176d471fdba43b9e3eae6a721947
  DeviceUtil: e8de8005f896a082dbb39cfc7ffe11e2f8d218a3
  JWT: cf73c0ab0dac762df3de8a3f1164352089d97780
  Protobuf: 3f617b9a6e73605565086864c9bc26b2bf2dd5a3
  React: ab1a2e21deb34965c38328d5ec40cc7d12c6050a

PODFILE CHECKSUM: bd61c36706ce0faf618f281fa1410b3ad3e6f360

COCOAPODS: 1.7.1
